
Microsoft Visual Studio Solution File, Format Version 12.00
# Visual Studio Version 17
VisualStudioVersion = 17.1.32407.343
MinimumVisualStudioVersion = 10.0.40219.1
Project("{8BC9CEB8-8B4A-11D0-8D11-00A0C91BC942}") = "Task 3. Shapes. Methods", "Task 3. Shapes. Methods.vcxproj", "{AFD37BFC-6ED3-4E76-A481-D2A6D8227EB9}"
EndProject
Global
	GlobalSection(SolutionConfigurationPlatforms) = preSolution
		Debug|x64 = Debug|x64
		Debug|x86 = Debug|x86
		Release|x64 = Release|x64
		Release|x86 = Release|x86
	EndGlobalSection
	GlobalSection(ProjectConfigurationPlatforms) = postSolution
		{AFD37BFC-6ED3-4E76-A481-D2A6D8227EB9}.Debug|x64.ActiveCfg = Debug|x64
		{AFD37BFC-6ED3-4E76-A481-D2A6D8227EB9}.Debug|x64.Build.0 = Debug|x64
		{AFD37BFC-6ED3-4E76-A481-D2A6D8227EB9}.Debug|x86.ActiveCfg = Debug|Win32
		{AFD37BFC-6ED3-4E76-A481-D2A6D8227EB9}.Debug|x86.Build.0 = Debug|Win32
		{AFD37BFC-6ED3-4E76-A481-D2A6D8227EB9}.Release|x64.ActiveCfg = Release|x64
		{AFD37BFC-6ED3-4E76-A481-D2A6D8227EB9}.Release|x64.Build.0 = Release|x64
		{AFD37BFC-6ED3-4E76-A481-D2A6D8227EB9}.Release|x86.ActiveCfg = Release|Win32
		{AFD37BFC-6ED3-4E76-A481-D2A6D8227EB9}.Release|x86.Build.0 = Release|Win32
	EndGlobalSection
	GlobalSection(SolutionProperties) = preSolution
		HideSolutionNode = FALSE
	EndGlobalSection
	GlobalSection(ExtensibilityGlobals) = postSolution
		SolutionGuid = {D53DE9AB-5E9A-4145-AFBA-3588E2653B31}
	EndGlobalSection
EndGlobal
